
Microsoft Visual Studio Solution File, Format Version 12.00
# Visual Studio 15
Project("{FAE04EC0-301F-11D3-BF4B-00C04F79EFBC}") = "Assembly-CSharp", "Assembly-CSharp.csproj", "{683851CA-16F6-107B-B195-0996DACF10CE}"
EndProject
Global
	GlobalSection(SolutionConfigurationPlatforms) = preSolution
		Debug|Any CPU = Debug|Any CPU
		Release|Any CPU = Release|Any CPU
	EndGlobalSection
	GlobalSection(ProjectConfigurationPlatforms) = postSolution
		{683851CA-16F6-107B-B195-0996DACF10CE}.Debug|Any CPU.ActiveCfg = Debug|Any CPU
		{683851CA-16F6-107B-B195-0996DACF10CE}.Debug|Any CPU.Build.0 = Debug|Any CPU
		{683851CA-16F6-107B-B195-0996DACF10CE}.Release|Any CPU.ActiveCfg = Release|Any CPU
		{683851CA-16F6-107B-B195-0996DACF10CE}.Release|Any CPU.Build.0 = Release|Any CPU
	EndGlobalSection
	GlobalSection(SolutionProperties) = preSolution
		HideSolutionNode = FALSE
	EndGlobalSection
EndGlobal
